
Microsoft Visual Studio Solution File, Format Version 12.00
# Visual Studio 15
VisualStudioVersion = 15.0.27130.2027
MinimumVisualStudioVersion = 10.0.40219.1
Project("{FAE04EC0-301F-11D3-BF4B-00C04F79EFBC}") = "Web.Frontend", "Web.Frontend\Web.Frontend.csproj", "{40EE95AB-DE57-407C-86C1-E06DB2A1E62F}"
EndProject
Project("{FAE04EC0-301F-11D3-BF4B-00C04F79EFBC}") = "Web", "Web\Web.csproj", "{6750898F-B005-484C-BAB9-D59B57F15238}"
EndProject
Global
	GlobalSection(SolutionConfigurationPlatforms) = preSolution
		Debug|Any CPU = Debug|Any CPU
		Release|Any CPU = Release|Any CPU
	EndGlobalSection
	GlobalSection(ProjectConfigurationPlatforms) = postSolution
		{40EE95AB-DE57-407C-86C1-E06DB2A1E62F}.Debug|Any CPU.ActiveCfg = Debug|Any CPU
		{40EE95AB-DE57-407C-86C1-E06DB2A1E62F}.Debug|Any CPU.Build.0 = Debug|Any CPU
		{40EE95AB-DE57-407C-86C1-E06DB2A1E62F}.Release|Any CPU.ActiveCfg = Release|Any CPU
		{40EE95AB-DE57-407C-86C1-E06DB2A1E62F}.Release|Any CPU.Build.0 = Release|Any CPU
		{6750898F-B005-484C-BAB9-D59B57F15238}.Debug|Any CPU.ActiveCfg = Debug|Any CPU
		{6750898F-B005-484C-BAB9-D59B57F15238}.Debug|Any CPU.Build.0 = Debug|Any CPU
		{6750898F-B005-484C-BAB9-D59B57F15238}.Release|Any CPU.ActiveCfg = Release|Any CPU
		{6750898F-B005-484C-BAB9-D59B57F15238}.Release|Any CPU.Build.0 = Release|Any CPU
	EndGlobalSection
	GlobalSection(SolutionProperties) = preSolution
		HideSolutionNode = FALSE
	EndGlobalSection
	GlobalSection(ExtensibilityGlobals) = postSolution
		SolutionGuid = {1BA62AB6-548C-4A5C-8347-BB25E3ACAB0B}
	EndGlobalSection
EndGlobal
